
Microsoft Visual Studio Solution File, Format Version 12.00
# Visual Studio Version 16
VisualStudioVersion = 16.0.29613.14
MinimumVisualStudioVersion = 10.0.40219.1
Project("{9A19103F-16F7-4668-BE54-9A1E7A4F7556}") = "Notification.Wpf", "Notification.Wpf\Notification.Wpf.csproj", "{5C9A4F46-263D-4C23-B361-F09E14BB109E}"
EndProject
Project("{9A19103F-16F7-4668-BE54-9A1E7A4F7556}") = "Notification.Wpf.Sample", "Notifications.Wpf.Sample\Notification.Wpf.Sample.csproj", "{A5C53F98-245C-4385-8950-42C4545C9CCD}"
EndProject
Global
	GlobalSection(SolutionConfigurationPlatforms) = preSolution
		Debug|Any CPU = Debug|Any CPU
		Release|Any CPU = Release|Any CPU
	EndGlobalSection
	GlobalSection(ProjectConfigurationPlatforms) = postSolution
		{5C9A4F46-263D-4C23-B361-F09E14BB109E}.Debug|Any CPU.ActiveCfg = Debug|Any CPU
		{5C9A4F46-263D-4C23-B361-F09E14BB109E}.Debug|Any CPU.Build.0 = Debug|Any CPU
		{5C9A4F46-263D-4C23-B361-F09E14BB109E}.Release|Any CPU.ActiveCfg = Release|Any CPU
		{5C9A4F46-263D-4C23-B361-F09E14BB109E}.Release|Any CPU.Build.0 = Release|Any CPU
		{5C9A4F46-263D-4C23-B361-F09E14BB109E}.Release|Any CPU.Deploy.0 = Release|Any CPU
		{A5C53F98-245C-4385-8950-42C4545C9CCD}.Debug|Any CPU.ActiveCfg = Debug|Any CPU
		{A5C53F98-245C-4385-8950-42C4545C9CCD}.Debug|Any CPU.Build.0 = Debug|Any CPU
		{A5C53F98-245C-4385-8950-42C4545C9CCD}.Release|Any CPU.ActiveCfg = Release|Any CPU
		{A5C53F98-245C-4385-8950-42C4545C9CCD}.Release|Any CPU.Build.0 = Release|Any CPU
	EndGlobalSection
	GlobalSection(SolutionProperties) = preSolution
		HideSolutionNode = FALSE
	EndGlobalSection
	GlobalSection(ExtensibilityGlobals) = postSolution
		SolutionGuid = {390EEA52-ED66-42A0-BE35-094EF711AE40}
	EndGlobalSection
EndGlobal
